
Microsoft Visual Studio Solution File, Format Version 12.00
# Visual Studio 15
VisualStudioVersion = 15.0.26730.3
MinimumVisualStudioVersion = 10.0.40219.1
Project("{FAE04EC0-301F-11D3-BF4B-00C04F79EFBC}") = "LambdaOptimizer", "LambdaOptimizer\LambdaOptimizer.csproj", "{4194EF16-F47A-4E32-ACB5-211DD7C10656}"
EndProject
Project("{FAE04EC0-301F-11D3-BF4B-00C04F79EFBC}") = "LambdaOptimizerTest", "LambdaOptimizerTest\LambdaOptimizerTest.csproj", "{23F8A1ED-51C0-4CBA-B118-0F9E3BAC7728}"
EndProject
Global
	GlobalSection(SolutionConfigurationPlatforms) = preSolution
		Debug|Any CPU = Debug|Any CPU
		Release|Any CPU = Release|Any CPU
	EndGlobalSection
	GlobalSection(ProjectConfigurationPlatforms) = postSolution
		{4194EF16-F47A-4E32-ACB5-211DD7C10656}.Debug|Any CPU.ActiveCfg = Debug|Any CPU
		{4194EF16-F47A-4E32-ACB5-211DD7C10656}.Debug|Any CPU.Build.0 = Debug|Any CPU
		{4194EF16-F47A-4E32-ACB5-211DD7C10656}.Release|Any CPU.ActiveCfg = Release|Any CPU
		{4194EF16-F47A-4E32-ACB5-211DD7C10656}.Release|Any CPU.Build.0 = Release|Any CPU
		{23F8A1ED-51C0-4CBA-B118-0F9E3BAC7728}.Debug|Any CPU.ActiveCfg = Debug|Any CPU
		{23F8A1ED-51C0-4CBA-B118-0F9E3BAC7728}.Debug|Any CPU.Build.0 = Debug|Any CPU
		{23F8A1ED-51C0-4CBA-B118-0F9E3BAC7728}.Release|Any CPU.ActiveCfg = Release|Any CPU
		{23F8A1ED-51C0-4CBA-B118-0F9E3BAC7728}.Release|Any CPU.Build.0 = Release|Any CPU
	EndGlobalSection
	GlobalSection(SolutionProperties) = preSolution
		HideSolutionNode = FALSE
	EndGlobalSection
	GlobalSection(ExtensibilityGlobals) = postSolution
		SolutionGuid = {4244577B-0B20-41D0-872B-02CC73D1F519}
	EndGlobalSection
EndGlobal
